name: update-flake-lock

on:
  schedule:
    - cron: "0 6 * * 1"
  workflow_dispatch:

permissions:
  contents: write
  pull-requests: write
  actions: write

jobs:
  update:
    runs-on: ubuntu-latest
    steps:
      - name: Checkout
        uses: actions/checkout@v4

      - name: Install Nix
        uses: DeterminateSystems/nix-installer-action@main

      - name: Update flake.lock
        uses: DeterminateSystems/update-flake-lock@main
        with:
          pr-title: "Update flake.lock"

      - name: Run check on the update branch
        env:
          GH_TOKEN: ${{ github.token }}
        run: gh workflow run check.yml --ref update_flake_lock_action
